// !$*UTF8*$!
{
	archiveVersion = 1;
	classes = {
	};
	objectVersion = 50;
	objects = {

/* Begin PBXBuildFile section */
		2D4B525922002063006A4119 /* CollectionViewItem.swift in Sources */ = {isa = PBXBuildFile; fileRef = 2D4B525722002063006A4119 /* CollectionViewItem.swift */; };
		2D4B525A22002063006A4119 /* CollectionViewItem.xib in Resources */ = {isa = PBXBuildFile; fileRef = 2D4B525822002063006A4119 /* CollectionViewItem.xib */; };
		2D4B525C22013648006A4119 /* TagFileManager.swift in Sources */ = {isa = PBXBuildFile; fileRef = 2D4B525B22013648006A4119 /* TagFileManager.swift */; };
		2D4B525E22013A29006A4119 /* SettingModel.swift in Sources */ = {isa = PBXBuildFile; fileRef = 2D4B525D22013A29006A4119 /* SettingModel.swift */; };
		2D4B52622201AC6E006A4119 /* SourceModel.swift in Sources */ = {isa = PBXBuildFile; fileRef = 2D4B52612201AC6E006A4119 /* SourceModel.swift */; };
		2D4B52642201B4AE006A4119 /* ItemFile.swift in Sources */ = {isa = PBXBuildFile; fileRef = 2D4B52632201B4AE006A4119 /* ItemFile.swift */; };
		2D4B526622028EA0006A4119 /* CollectionImageLoader.swift in Sources */ = {isa = PBXBuildFile; fileRef = 2D4B526522028EA0006A4119 /* CollectionImageLoader.swift */; };
		2D4B52682204089A006A4119 /* ExNotification.swift in Sources */ = {isa = PBXBuildFile; fileRef = 2D4B52672204089A006A4119 /* ExNotification.swift */; };
		2D5A2FB621F6EDCE003AB537 /* AppDelegate.swift in Sources */ = {isa = PBXBuildFile; fileRef = 2D5A2FB521F6EDCE003AB537 /* AppDelegate.swift */; };
		2D5A2FBD21F6EDCF003AB537 /* Main.storyboard in Resources */ = {isa = PBXBuildFile; fileRef = 2D5A2FBB21F6EDCF003AB537 /* Main.storyboard */; };
		2D5A2FC721F807CB003AB537 /* ImageCanvas.swift in Sources */ = {isa = PBXBuildFile; fileRef = 2D5A2FC621F807CB003AB537 /* ImageCanvas.swift */; };
		2D5A2FCC21F808E0003AB537 /* ImageCanvasDelegate.swift in Sources */ = {isa = PBXBuildFile; fileRef = 2D5A2FCB21F808E0003AB537 /* ImageCanvasDelegate.swift */; };
		2D5A2FCE21F86565003AB537 /* MainViewController.swift in Sources */ = {isa = PBXBuildFile; fileRef = 2D5A2FCD21F86565003AB537 /* MainViewController.swift */; };
		2D5A2FD321F8665D003AB537 /* ImportImageCanvasController.swift in Sources */ = {isa = PBXBuildFile; fileRef = 2D5A2FD121F8665D003AB537 /* ImportImageCanvasController.swift */; };
		2D5A2FD421F8665D003AB537 /* ImportImageCanvasController.xib in Resources */ = {isa = PBXBuildFile; fileRef = 2D5A2FD221F8665D003AB537 /* ImportImageCanvasController.xib */; };
		2D5A2FD721F9B4E7003AB537 /* ExtNSImage.swift in Sources */ = {isa = PBXBuildFile; fileRef = 2D5A2FD621F9B4E7003AB537 /* ExtNSImage.swift */; };
		2D5A2FDA21FAB238003AB537 /* ApplicationEnums.swift in Sources */ = {isa = PBXBuildFile; fileRef = 2D5A2FD921FAB238003AB537 /* ApplicationEnums.swift */; };
		2D5A2FE121FADDD2003AB537 /* DisableIndicator.xib in Resources */ = {isa = PBXBuildFile; fileRef = 2D5A2FE021FADDD2003AB537 /* DisableIndicator.xib */; };
		2D5A2FE321FADF1A003AB537 /* DisableIndicator.swift in Sources */ = {isa = PBXBuildFile; fileRef = 2D5A2FE221FADF1A003AB537 /* DisableIndicator.swift */; };
		2D5A2FE521FB01DA003AB537 /* ExtNSView.swift in Sources */ = {isa = PBXBuildFile; fileRef = 2D5A2FE421FB01DA003AB537 /* ExtNSView.swift */; };
		2D5A2FE721FB0BFC003AB537 /* AppSettingFileManager.swift in Sources */ = {isa = PBXBuildFile; fileRef = 2D5A2FE621FB0BFC003AB537 /* AppSettingFileManager.swift */; };
		2D83E7C0222789730093966E /* ImportAllViewController.swift in Sources */ = {isa = PBXBuildFile; fileRef = 2D83E7BF222789730093966E /* ImportAllViewController.swift */; };
		2D978086220D842E00D01EA4 /* MainWindowController.swift in Sources */ = {isa = PBXBuildFile; fileRef = 2D978085220D842E00D01EA4 /* MainWindowController.swift */; };
		2DE6D660221A7EBE00A23824 /* EnlargeImageViewController.swift in Sources */ = {isa = PBXBuildFile; fileRef = 2DE6D65E221A7EBE00A23824 /* EnlargeImageViewController.swift */; };
		2DE6D661221A7EBE00A23824 /* EnlargeImageViewController.xib in Resources */ = {isa = PBXBuildFile; fileRef = 2DE6D65F221A7EBE00A23824 /* EnlargeImageViewController.xib */; };
		7AD2BEB75415D61E04A3F67D /* Pods_ImageCollector.framework in Frameworks */ = {isa = PBXBuildFile; fileRef = D1257F6164E83A2A3EDC4991 /* Pods_ImageCollector.framework */; };
		8A7AB4A3230DA4FE00A5735D /* ExURL.swift in Sources */ = {isa = PBXBuildFile; fileRef = 8A7AB4A2230DA4FE00A5735D /* ExURL.swift */; };
		8A89062B2381C1CD00D4C994 /* VideoViewController.swift in Sources */ = {isa = PBXBuildFile; fileRef = 8A8906292381C1CD00D4C994 /* VideoViewController.swift */; };
		8A89062C2381C1CD00D4C994 /* VideoViewController.xib in Resources */ = {isa = PBXBuildFile; fileRef = 8A89062A2381C1CD00D4C994 /* VideoViewController.xib */; };
		8AC239A92229B69500C2C771 /* HTMLParser.swift in Sources */ = {isa = PBXBuildFile; fileRef = 8AC239A82229B69500C2C771 /* HTMLParser.swift */; };
		8AC239C7222BAA8A00C2C771 /* ExNSViewController.swift in Sources */ = {isa = PBXBuildFile; fileRef = 8AC239C6222BAA8A00C2C771 /* ExNSViewController.swift */; };
		8AEA1F41234E7947004BFF77 /* video_mark.png in Resources */ = {isa = PBXBuildFile; fileRef = 8AEA1F40234E7946004BFF77 /* video_mark.png */; };
		8AED201121FD78B700E0578C /* AlertManager.swift in Sources */ = {isa = PBXBuildFile; fileRef = 8AED201021FD78B700E0578C /* AlertManager.swift */; };
		8AED201321FF2B7100E0578C /* PanelManager.swift in Sources */ = {isa = PBXBuildFile; fileRef = 8AED201221FF2B7100E0578C /* PanelManager.swift */; };
		8AED201721FF446D00E0578C /* ExtDate.swift in Sources */ = {isa = PBXBuildFile; fileRef = 8AED201621FF446D00E0578C /* ExtDate.swift */; };
		8AED201A21FF454F00E0578C /* Utility.swift in Sources */ = {isa = PBXBuildFile; fileRef = 8AED201921FF454F00E0578C /* Utility.swift */; };
/* End PBXBuildFile section */

/* Begin PBXContainerItemProxy section */
		8AC239B32229B95700C2C771 /* PBXContainerItemProxy */ = {
			isa = PBXContainerItemProxy;
			containerPortal = 2D5A2FAA21F6EDCE003AB537 /* Project object */;
			proxyType = 1;
			remoteGlobalIDString = 2D5A2FB121F6EDCE003AB537;
			remoteInfo = ImageCollector;
		};
		8AC239C12229B96400C2C771 /* PBXContainerItemProxy */ = {
			isa = PBXContainerItemProxy;
			containerPortal = 2D5A2FAA21F6EDCE003AB537 /* Project object */;
			proxyType = 1;
			remoteGlobalIDString = 2D5A2FB121F6EDCE003AB537;
			remoteInfo = ImageCollector;
		};
/* End PBXContainerItemProxy section */

/* Begin PBXFileReference section */
		2D4B525722002063006A4119 /* CollectionViewItem.swift */ = {isa = PBXFileReference; lastKnownFileType = sourcecode.swift; path = CollectionViewItem.swift; sourceTree = "<group>"; };
		2D4B525822002063006A4119 /* CollectionViewItem.xib */ = {isa = PBXFileReference; lastKnownFileType = file.xib; path = CollectionViewItem.xib; sourceTree = "<group>"; };
		2D4B525B22013648006A4119 /* TagFileManager.swift */ = {isa = PBXFileReference; lastKnownFileType = sourcecode.swift; path = TagFileManager.swift; sourceTree = "<group>"; };
		2D4B525D22013A29006A4119 /* SettingModel.swift */ = {isa = PBXFileReference; lastKnownFileType = sourcecode.swift; path = SettingModel.swift; sourceTree = "<group>"; };
		2D4B52612201AC6E006A4119 /* SourceModel.swift */ = {isa = PBXFileReference; lastKnownFileType = sourcecode.swift; path = SourceModel.swift; sourceTree = "<group>"; };
		2D4B52632201B4AE006A4119 /* ItemFile.swift */ = {isa = PBXFileReference; lastKnownFileType = sourcecode.swift; path = ItemFile.swift; sourceTree = "<group>"; };
		2D4B526522028EA0006A4119 /* CollectionImageLoader.swift */ = {isa = PBXFileReference; lastKnownFileType = sourcecode.swift; path = CollectionImageLoader.swift; sourceTree = "<group>"; };
		2D4B52672204089A006A4119 /* ExNotification.swift */ = {isa = PBXFileReference; lastKnownFileType = sourcecode.swift; path = ExNotification.swift; sourceTree = "<group>"; };
		2D5A2FB221F6EDCE003AB537 /* ImageCollector.app */ = {isa = PBXFileReference; explicitFileType = wrapper.application; includeInIndex = 0; path = ImageCollector.app; sourceTree = BUILT_PRODUCTS_DIR; };
		2D5A2FB521F6EDCE003AB537 /* AppDelegate.swift */ = {isa = PBXFileReference; lastKnownFileType = sourcecode.swift; path = AppDelegate.swift; sourceTree = "<group>"; };
		2D5A2FBC21F6EDCF003AB537 /* Base */ = {isa = PBXFileReference; lastKnownFileType = file.storyboard; name = Base; path = Base.lproj/Main.storyboard; sourceTree = "<group>"; };
		2D5A2FBE21F6EDCF003AB537 /* Info.plist */ = {isa = PBXFileReference; lastKnownFileType = text.plist.xml; path = Info.plist; sourceTree = "<group>"; };
		2D5A2FBF21F6EDCF003AB537 /* ImageCollector.entitlements */ = {isa = PBXFileReference; lastKnownFileType = text.plist.entitlements; path = ImageCollector.entitlements; sourceTree = "<group>"; };
		2D5A2FC621F807CB003AB537 /* ImageCanvas.swift */ = {isa = PBXFileReference; lastKnownFileType = sourcecode.swift; path = ImageCanvas.swift; sourceTree = "<group>"; };
		2D5A2FCB21F808E0003AB537 /* ImageCanvasDelegate.swift */ = {isa = PBXFileReference; lastKnownFileType = sourcecode.swift; path = ImageCanvasDelegate.swift; sourceTree = "<group>"; };
		2D5A2FCD21F86565003AB537 /* MainViewController.swift */ = {isa = PBXFileReference; lastKnownFileType = sourcecode.swift; path = MainViewController.swift; sourceTree = "<group>"; };
		2D5A2FD121F8665D003AB537 /* ImportImageCanvasController.swift */ = {isa = PBXFileReference; lastKnownFileType = sourcecode.swift; path = ImportImageCanvasController.swift; sourceTree = "<group>"; };
		2D5A2FD221F8665D003AB537 /* ImportImageCanvasController.xib */ = {isa = PBXFileReference; lastKnownFileType = file.xib; path = ImportImageCanvasController.xib; sourceTree = "<group>"; };
		2D5A2FD621F9B4E7003AB537 /* ExtNSImage.swift */ = {isa = PBXFileReference; lastKnownFileType = sourcecode.swift; path = ExtNSImage.swift; sourceTree = "<group>"; };
		2D5A2FD921FAB238003AB537 /* ApplicationEnums.swift */ = {isa = PBXFileReference; lastKnownFileType = sourcecode.swift; path = ApplicationEnums.swift; sourceTree = "<group>"; };
		2D5A2FE021FADDD2003AB537 /* DisableIndicator.xib */ = {isa = PBXFileReference; lastKnownFileType = file.xib; path = DisableIndicator.xib; sourceTree = "<group>"; };
		2D5A2FE221FADF1A003AB537 /* DisableIndicator.swift */ = {isa = PBXFileReference; lastKnownFileType = sourcecode.swift; path = DisableIndicator.swift; sourceTree = "<group>"; };
		2D5A2FE421FB01DA003AB537 /* ExtNSView.swift */ = {isa = PBXFileReference; lastKnownFileType = sourcecode.swift; path = ExtNSView.swift; sourceTree = "<group>"; };
		2D5A2FE621FB0BFC003AB537 /* AppSettingFileManager.swift */ = {isa = PBXFileReference; lastKnownFileType = sourcecode.swift; path = AppSettingFileManager.swift; sourceTree = "<group>"; };
		2D83E7BF222789730093966E /* ImportAllViewController.swift */ = {isa = PBXFileReference; lastKnownFileType = sourcecode.swift; path = ImportAllViewController.swift; sourceTree = "<group>"; };
		2D978085220D842E00D01EA4 /* MainWindowController.swift */ = {isa = PBXFileReference; lastKnownFileType = sourcecode.swift; path = MainWindowController.swift; sourceTree = "<group>"; };
		2DE6D65E221A7EBE00A23824 /* EnlargeImageViewController.swift */ = {isa = PBXFileReference; lastKnownFileType = sourcecode.swift; path = EnlargeImageViewController.swift; sourceTree = "<group>"; };
		2DE6D65F221A7EBE00A23824 /* EnlargeImageViewController.xib */ = {isa = PBXFileReference; lastKnownFileType = file.xib; path = EnlargeImageViewController.xib; sourceTree = "<group>"; };
		60723DC552004CDCC8CD8204 /* Pods-ImageCollector.debug.xcconfig */ = {isa = PBXFileReference; includeInIndex = 1; lastKnownFileType = text.xcconfig; name = "Pods-ImageCollector.debug.xcconfig"; path = "Pods/Target Support Files/Pods-ImageCollector/Pods-ImageCollector.debug.xcconfig"; sourceTree = "<group>"; };
		8A7AB4A2230DA4FE00A5735D /* ExURL.swift */ = {isa = PBXFileReference; lastKnownFileType = sourcecode.swift; path = ExURL.swift; sourceTree = "<group>"; };
		8A8906292381C1CD00D4C994 /* VideoViewController.swift */ = {isa = PBXFileReference; lastKnownFileType = sourcecode.swift; path = VideoViewController.swift; sourceTree = "<group>"; };
		8A89062A2381C1CD00D4C994 /* VideoViewController.xib */ = {isa = PBXFileReference; lastKnownFileType = file.xib; path = VideoViewController.xib; sourceTree = "<group>"; };
		8AC239A82229B69500C2C771 /* HTMLParser.swift */ = {isa = PBXFileReference; lastKnownFileType = sourcecode.swift; path = HTMLParser.swift; sourceTree = "<group>"; };
		8AC239AE2229B95700C2C771 /* HTMLParserTest.xctest */ = {isa = PBXFileReference; explicitFileType = wrapper.cfbundle; includeInIndex = 0; path = HTMLParserTest.xctest; sourceTree = BUILT_PRODUCTS_DIR; };
		8AC239BC2229B96300C2C771 /* ImageCollectorTests.xctest */ = {isa = PBXFileReference; explicitFileType = wrapper.cfbundle; includeInIndex = 0; path = ImageCollectorTests.xctest; sourceTree = BUILT_PRODUCTS_DIR; };
		8AC239C6222BAA8A00C2C771 /* ExNSViewController.swift */ = {isa = PBXFileReference; lastKnownFileType = sourcecode.swift; path = ExNSViewController.swift; sourceTree = "<group>"; };
		8AEA1F40234E7946004BFF77 /* video_mark.png */ = {isa = PBXFileReference; lastKnownFileType = image.png; path = video_mark.png; sourceTree = "<group>"; };
		8AED201021FD78B700E0578C /* AlertManager.swift */ = {isa = PBXFileReference; lastKnownFileType = sourcecode.swift; path = AlertManager.swift; sourceTree = "<group>"; };
		8AED201221FF2B7100E0578C /* PanelManager.swift */ = {isa = PBXFileReference; lastKnownFileType = sourcecode.swift; path = PanelManager.swift; sourceTree = "<group>"; };
		8AED201621FF446D00E0578C /* ExtDate.swift */ = {isa = PBXFileReference; lastKnownFileType = sourcecode.swift; path = ExtDate.swift; sourceTree = "<group>"; };
		8AED201921FF454F00E0578C /* Utility.swift */ = {isa = PBXFileReference; lastKnownFileType = sourcecode.swift; path = Utility.swift; sourceTree = "<group>"; };
		8DDF24033D43746FE774DA05 /* Pods-ImageCollector.release.xcconfig */ = {isa = PBXFileReference; includeInIndex = 1; lastKnownFileType = text.xcconfig; name = "Pods-ImageCollector.release.xcconfig"; path = "Pods/Target Support Files/Pods-ImageCollector/Pods-ImageCollector.release.xcconfig"; sourceTree = "<group>"; };
		D1257F6164E83A2A3EDC4991 /* Pods_ImageCollector.framework */ = {isa = PBXFileReference; explicitFileType = wrapper.framework; includeInIndex = 0; path = Pods_ImageCollector.framework; sourceTree = BUILT_PRODUCTS_DIR; };
/* End PBXFileReference section */

/* Begin PBXFrameworksBuildPhase section */
		2D5A2FAF21F6EDCE003AB537 /* Frameworks */ = {
			isa = PBXFrameworksBuildPhase;
			buildActionMask = 2147483647;
			files = (
				7AD2BEB75415D61E04A3F67D /* Pods_ImageCollector.framework in Frameworks */,
			);
			runOnlyForDeploymentPostprocessing = 0;
		};
		8AC239AB2229B95700C2C771 /* Frameworks */ = {
			isa = PBXFrameworksBuildPhase;
			buildActionMask = 2147483647;
			files = (
			);
			runOnlyForDeploymentPostprocessing = 0;
		};
		8AC239B92229B96300C2C771 /* Frameworks */ = {
			isa = PBXFrameworksBuildPhase;
			buildActionMask = 2147483647;
			files = (
			);
			runOnlyForDeploymentPostprocessing = 0;
		};
/* End PBXFrameworksBuildPhase section */

/* Begin PBXGroup section */
		0898AB42440886BA516AA505 /* Pods */ = {
			isa = PBXGroup;
			children = (
				60723DC552004CDCC8CD8204 /* Pods-ImageCollector.debug.xcconfig */,
				8DDF24033D43746FE774DA05 /* Pods-ImageCollector.release.xcconfig */,
			);
			name = Pods;
			sourceTree = "<group>";
		};
		2D4B525622002020006A4119 /* collectionView */ = {
			isa = PBXGroup;
			children = (
				2D4B526522028EA0006A4119 /* CollectionImageLoader.swift */,
				2D4B525722002063006A4119 /* CollectionViewItem.swift */,
				2D4B525822002063006A4119 /* CollectionViewItem.xib */,
			);
			path = collectionView;
			sourceTree = "<group>";
		};
		2D5A2FA921F6EDCE003AB537 = {
			isa = PBXGroup;
			children = (
				2D5A2FB421F6EDCE003AB537 /* ImageCollector */,
				2D5A2FB321F6EDCE003AB537 /* Products */,
				0898AB42440886BA516AA505 /* Pods */,
				7337312CA7BF40722A152607 /* Frameworks */,
			);
			sourceTree = "<group>";
		};
		2D5A2FB321F6EDCE003AB537 /* Products */ = {
			isa = PBXGroup;
			children = (
				2D5A2FB221F6EDCE003AB537 /* ImageCollector.app */,
				8AC239AE2229B95700C2C771 /* HTMLParserTest.xctest */,
				8AC239BC2229B96300C2C771 /* ImageCollectorTests.xctest */,
			);
			name = Products;
			sourceTree = "<group>";
		};
		2D5A2FB421F6EDCE003AB537 /* ImageCollector */ = {
			isa = PBXGroup;
			children = (
				8AEA1F3D234E778C004BFF77 /* imgs */,
				2D83E7BE2227894C0093966E /* viewer */,
				2D4B525622002020006A4119 /* collectionView */,
				8AED201821FF451600E0578C /* utils */,
				2D5A2FE221FADF1A003AB537 /* DisableIndicator.swift */,
				2D5A2FE021FADDD2003AB537 /* DisableIndicator.xib */,
				2D5A2FDB21FAD3A8003AB537 /* model */,
				2D5A2FD821FAB219003AB537 /* configure */,
				2D5A2FD521F9B4C2003AB537 /* extension */,
				2D5A2FCA21F808C4003AB537 /* delegate */,
				2D5A2FB521F6EDCE003AB537 /* AppDelegate.swift */,
				2D5A2FBB21F6EDCF003AB537 /* Main.storyboard */,
				2D5A2FBE21F6EDCF003AB537 /* Info.plist */,
				2D5A2FBF21F6EDCF003AB537 /* ImageCollector.entitlements */,
				2D978085220D842E00D01EA4 /* MainWindowController.swift */,
				2D5A2FCD21F86565003AB537 /* MainViewController.swift */,
				2D5A2FC621F807CB003AB537 /* ImageCanvas.swift */,
				2D5A2FD121F8665D003AB537 /* ImportImageCanvasController.swift */,
				2D5A2FD221F8665D003AB537 /* ImportImageCanvasController.xib */,
				2DE6D65E221A7EBE00A23824 /* EnlargeImageViewController.swift */,
				2DE6D65F221A7EBE00A23824 /* EnlargeImageViewController.xib */,
			);
			path = ImageCollector;
			sourceTree = "<group>";
		};
		2D5A2FCA21F808C4003AB537 /* delegate */ = {
			isa = PBXGroup;
			children = (
				2D5A2FCB21F808E0003AB537 /* ImageCanvasDelegate.swift */,
			);
			path = delegate;
			sourceTree = "<group>";
		};
		2D5A2FD521F9B4C2003AB537 /* extension */ = {
			isa = PBXGroup;
			children = (
				2D5A2FD621F9B4E7003AB537 /* ExtNSImage.swift */,
				2D5A2FE421FB01DA003AB537 /* ExtNSView.swift */,
				8AED201621FF446D00E0578C /* ExtDate.swift */,
				2D4B52672204089A006A4119 /* ExNotification.swift */,
				8AC239C6222BAA8A00C2C771 /* ExNSViewController.swift */,
				8A7AB4A2230DA4FE00A5735D /* ExURL.swift */,
			);
			path = extension;
			sourceTree = "<group>";
		};
		2D5A2FD821FAB219003AB537 /* configure */ = {
			isa = PBXGroup;
			children = (
				2D5A2FD921FAB238003AB537 /* ApplicationEnums.swift */,
				2D5A2FE621FB0BFC003AB537 /* AppSettingFileManager.swift */,
				8AED201221FF2B7100E0578C /* PanelManager.swift */,
			);
			path = configure;
			sourceTree = "<group>";
		};
		2D5A2FDB21FAD3A8003AB537 /* model */ = {
			isa = PBXGroup;
			children = (
				2D4B525D22013A29006A4119 /* SettingModel.swift */,
				2D4B52612201AC6E006A4119 /* SourceModel.swift */,
				2D4B52632201B4AE006A4119 /* ItemFile.swift */,
			);
			path = model;
			sourceTree = "<group>";
		};
		2D83E7BE2227894C0093966E /* viewer */ = {
			isa = PBXGroup;
			children = (
				2D83E7BF222789730093966E /* ImportAllViewController.swift */,
				8A8906292381C1CD00D4C994 /* VideoViewController.swift */,
				8A89062A2381C1CD00D4C994 /* VideoViewController.xib */,
			);
			path = viewer;
			sourceTree = "<group>";
		};
		7337312CA7BF40722A152607 /* Frameworks */ = {
			isa = PBXGroup;
			children = (
				D1257F6164E83A2A3EDC4991 /* Pods_ImageCollector.framework */,
			);
			name = Frameworks;
			sourceTree = "<group>";
		};
		8AEA1F3D234E778C004BFF77 /* imgs */ = {
			isa = PBXGroup;
			children = (
				8AEA1F40234E7946004BFF77 /* video_mark.png */,
			);
			path = imgs;
			sourceTree = "<group>";
		};
		8AED201821FF451600E0578C /* utils */ = {
			isa = PBXGroup;
			children = (
				8AED201021FD78B700E0578C /* AlertManager.swift */,
				8AED201921FF454F00E0578C /* Utility.swift */,
				2D4B525B22013648006A4119 /* TagFileManager.swift */,
				8AC239A82229B69500C2C771 /* HTMLParser.swift */,
			);
			path = utils;
			sourceTree = "<group>";
		};
/* End PBXGroup section */

/* Begin PBXNativeTarget section */
		2D5A2FB121F6EDCE003AB537 /* ImageCollector */ = {
			isa = PBXNativeTarget;
			buildConfigurationList = 2D5A2FC221F6EDCF003AB537 /* Build configuration list for PBXNativeTarget "ImageCollector" */;
			buildPhases = (
				66A0F4B983AB349353E89314 /* [CP] Check Pods Manifest.lock */,
				2D5A2FAE21F6EDCE003AB537 /* Sources */,
				2D5A2FAF21F6EDCE003AB537 /* Frameworks */,
				2D5A2FB021F6EDCE003AB537 /* Resources */,
				84F8681840674CBA7BE926AB /* [CP] Embed Pods Frameworks */,
			);
			buildRules = (
			);
			dependencies = (
			);
			name = ImageCollector;
			productName = ImageCollector;
			productReference = 2D5A2FB221F6EDCE003AB537 /* ImageCollector.app */;
			productType = "com.apple.product-type.application";
		};
		8AC239AD2229B95700C2C771 /* HTMLParserTest */ = {
			isa = PBXNativeTarget;
			buildConfigurationList = 8AC239B52229B95700C2C771 /* Build configuration list for PBXNativeTarget "HTMLParserTest" */;
			buildPhases = (
				8AC239AA2229B95700C2C771 /* Sources */,
				8AC239AB2229B95700C2C771 /* Frameworks */,
				8AC239AC2229B95700C2C771 /* Resources */,
			);
			buildRules = (
			);
			dependencies = (
				8AC239B42229B95700C2C771 /* PBXTargetDependency */,
			);
			name = HTMLParserTest;
			productName = HTMLParserTest;
			productReference = 8AC239AE2229B95700C2C771 /* HTMLParserTest.xctest */;
			productType = "com.apple.product-type.bundle.unit-test";
		};
		8AC239BB2229B96300C2C771 /* ImageCollectorTests */ = {
			isa = PBXNativeTarget;
			buildConfigurationList = 8AC239C32229B96400C2C771 /* Build configuration list for PBXNativeTarget "ImageCollectorTests" */;
			buildPhases = (
				8AC239B82229B96300C2C771 /* Sources */,
				8AC239B92229B96300C2C771 /* Frameworks */,
				8AC239BA2229B96300C2C771 /* Resources */,
			);
			buildRules = (
			);
			dependencies = (
				8AC239C22229B96400C2C771 /* PBXTargetDependency */,
			);
			name = ImageCollectorTests;
			productName = ImageCollectorTests;
			productReference = 8AC239BC2229B96300C2C771 /* ImageCollectorTests.xctest */;
			productType = "com.apple.product-type.bundle.unit-test";
		};
/* End PBXNativeTarget section */

/* Begin PBXProject section */
		2D5A2FAA21F6EDCE003AB537 /* Project object */ = {
			isa = PBXProject;
			attributes = {
				LastSwiftUpdateCheck = 1010;
				LastUpgradeCheck = 1010;
				ORGANIZATIONNAME = tldev;
				TargetAttributes = {
					2D5A2FB121F6EDCE003AB537 = {
						CreatedOnToolsVersion = 10.1;
						SystemCapabilities = {
							com.apple.Sandbox = {
								enabled = 0;
							};
						};
					};
					8AC239AD2229B95700C2C771 = {
						CreatedOnToolsVersion = 10.1;
						TestTargetID = 2D5A2FB121F6EDCE003AB537;
					};
					8AC239BB2229B96300C2C771 = {
						CreatedOnToolsVersion = 10.1;
						TestTargetID = 2D5A2FB121F6EDCE003AB537;
					};
				};
			};
			buildConfigurationList = 2D5A2FAD21F6EDCE003AB537 /* Build configuration list for PBXProject "ImageCollector" */;
			compatibilityVersion = "Xcode 9.3";
			developmentRegion = en;
			hasScannedForEncodings = 0;
			knownRegions = (
				en,
				Base,
			);
			mainGroup = 2D5A2FA921F6EDCE003AB537;
			productRefGroup = 2D5A2FB321F6EDCE003AB537 /* Products */;
			projectDirPath = "";
			projectRoot = "";
			targets = (
				2D5A2FB121F6EDCE003AB537 /* ImageCollector */,
				8AC239AD2229B95700C2C771 /* HTMLParserTest */,
				8AC239BB2229B96300C2C771 /* ImageCollectorTests */,
			);
		};
/* End PBXProject section */

/* Begin PBXResourcesBuildPhase section */
		2D5A2FB021F6EDCE003AB537 /* Resources */ = {
			isa = PBXResourcesBuildPhase;
			buildActionMask = 2147483647;
			files = (
				8AEA1F41234E7947004BFF77 /* video_mark.png in Resources */,
				8A89062C2381C1CD00D4C994 /* VideoViewController.xib in Resources */,
				2D5A2FD421F8665D003AB537 /* ImportImageCanvasController.xib in Resources */,
				2D5A2FE121FADDD2003AB537 /* DisableIndicator.xib in Resources */,
				2D4B525A22002063006A4119 /* CollectionViewItem.xib in Resources */,
				2D5A2FBD21F6EDCF003AB537 /* Main.storyboard in Resources */,
				2DE6D661221A7EBE00A23824 /* EnlargeImageViewController.xib in Resources */,
			);
			runOnlyForDeploymentPostprocessing = 0;
		};
		8AC239AC2229B95700C2C771 /* Resources */ = {
			isa = PBXResourcesBuildPhase;
			buildActionMask = 2147483647;
			files = (
			);
			runOnlyForDeploymentPostprocessing = 0;
		};
		8AC239BA2229B96300C2C771 /* Resources */ = {
			isa = PBXResourcesBuildPhase;
			buildActionMask = 2147483647;
			files = (
			);
			runOnlyForDeploymentPostprocessing = 0;
		};
/* End PBXResourcesBuildPhase section */

/* Begin PBXShellScriptBuildPhase section */
		66A0F4B983AB349353E89314 /* [CP] Check Pods Manifest.lock */ = {
			isa = PBXShellScriptBuildPhase;
			buildActionMask = 2147483647;
			files = (
			);
			inputPaths = (
				"${PODS_PODFILE_DIR_PATH}/Podfile.lock",
				"${PODS_ROOT}/Manifest.lock",
			);
			name = "[CP] Check Pods Manifest.lock";
			outputPaths = (
				"$(DERIVED_FILE_DIR)/Pods-ImageCollector-checkManifestLockResult.txt",
			);
			runOnlyForDeploymentPostprocessing = 0;
			shellPath = /bin/sh;
			shellScript = "diff \"${PODS_PODFILE_DIR_PATH}/Podfile.lock\" \"${PODS_ROOT}/Manifest.lock\" > /dev/null\nif [ $? != 0 ] ; then\n    # print error to STDERR\n    echo \"error: The sandbox is not in sync with the Podfile.lock. Run 'pod install' or update your CocoaPods installation.\" >&2\n    exit 1\nfi\n# This output is used by Xcode 'outputs' to avoid re-running this script phase.\necho \"SUCCESS\" > \"${SCRIPT_OUTPUT_FILE_0}\"\n";
			showEnvVarsInLog = 0;
		};
		84F8681840674CBA7BE926AB /* [CP] Embed Pods Frameworks */ = {
			isa = PBXShellScriptBuildPhase;
			buildActionMask = 2147483647;
			files = (
			);
			inputPaths = (
				"${PODS_ROOT}/Target Support Files/Pods-ImageCollector/Pods-ImageCollector-frameworks.sh",
				"${BUILT_PRODUCTS_DIR}/SDWebImage/SDWebImage.framework",
				"${BUILT_PRODUCTS_DIR}/SwiftSoup/SwiftSoup.framework",
			);
			name = "[CP] Embed Pods Frameworks";
			outputPaths = (
				"${TARGET_BUILD_DIR}/${FRAMEWORKS_FOLDER_PATH}/SDWebImage.framework",
				"${TARGET_BUILD_DIR}/${FRAMEWORKS_FOLDER_PATH}/SwiftSoup.framework",
			);
			runOnlyForDeploymentPostprocessing = 0;
			shellPath = /bin/sh;
			shellScript = "\"${PODS_ROOT}/Target Support Files/Pods-ImageCollector/Pods-ImageCollector-frameworks.sh\"\n";
			showEnvVarsInLog = 0;
		};
/* End PBXShellScriptBuildPhase section */

/* Begin PBXSourcesBuildPhase section */
		2D5A2FAE21F6EDCE003AB537 /* Sources */ = {
			isa = PBXSourcesBuildPhase;
			buildActionMask = 2147483647;
			files = (
				2D978086220D842E00D01EA4 /* MainWindowController.swift in Sources */,
				2D4B526622028EA0006A4119 /* CollectionImageLoader.swift in Sources */,
				2D5A2FD721F9B4E7003AB537 /* ExtNSImage.swift in Sources */,
				2D4B52682204089A006A4119 /* ExNotification.swift in Sources */,
				2D5A2FD321F8665D003AB537 /* ImportImageCanvasController.swift in Sources */,
				2DE6D660221A7EBE00A23824 /* EnlargeImageViewController.swift in Sources */,
				2D5A2FB621F6EDCE003AB537 /* AppDelegate.swift in Sources */,
				8A7AB4A3230DA4FE00A5735D /* ExURL.swift in Sources */,
				2D5A2FDA21FAB238003AB537 /* ApplicationEnums.swift in Sources */,
				2D4B525C22013648006A4119 /* TagFileManager.swift in Sources */,
				8A89062B2381C1CD00D4C994 /* VideoViewController.swift in Sources */,
				2D5A2FCC21F808E0003AB537 /* ImageCanvasDelegate.swift in Sources */,
				8AED201321FF2B7100E0578C /* PanelManager.swift in Sources */,
				2D4B525E22013A29006A4119 /* SettingModel.swift in Sources */,
				2D5A2FC721F807CB003AB537 /* ImageCanvas.swift in Sources */,
				2D4B52622201AC6E006A4119 /* SourceModel.swift in Sources */,
				2D4B52642201B4AE006A4119 /* ItemFile.swift in Sources */,
				8AED201721FF446D00E0578C /* ExtDate.swift in Sources */,
				8AC239C7222BAA8A00C2C771 /* ExNSViewController.swift in Sources */,
				2D4B525922002063006A4119 /* CollectionViewItem.swift in Sources */,
				2D5A2FCE21F86565003AB537 /* MainViewController.swift in Sources */,
				8AED201121FD78B700E0578C /* AlertManager.swift in Sources */,
				2D83E7C0222789730093966E /* ImportAllViewController.swift in Sources */,
				8AED201A21FF454F00E0578C /* Utility.swift in Sources */,
				2D5A2FE721FB0BFC003AB537 /* AppSettingFileManager.swift in Sources */,
				8AC239A92229B69500C2C771 /* HTMLParser.swift in Sources */,
				2D5A2FE321FADF1A003AB537 /* DisableIndicator.swift in Sources */,
				2D5A2FE521FB01DA003AB537 /* ExtNSView.swift in Sources */,
			);
			runOnlyForDeploymentPostprocessing = 0;
		};
		8AC239AA2229B95700C2C771 /* Sources */ = {
			isa = PBXSourcesBuildPhase;
			buildActionMask = 2147483647;
			files = (
			);
			runOnlyForDeploymentPostprocessing = 0;
		};
		8AC239B82229B96300C2C771 /* Sources */ = {
			isa = PBXSourcesBuildPhase;
			buildActionMask = 2147483647;
			files = (
			);
			runOnlyForDeploymentPostprocessing = 0;
		};
/* End PBXSourcesBuildPhase section */

/* Begin PBXTargetDependency section */
		8AC239B42229B95700C2C771 /* PBXTargetDependency */ = {
			isa = PBXTargetDependency;
			target = 2D5A2FB121F6EDCE003AB537 /* ImageCollector */;
			targetProxy = 8AC239B32229B95700C2C771 /* PBXContainerItemProxy */;
		};
		8AC239C22229B96400C2C771 /* PBXTargetDependency */ = {
			isa = PBXTargetDependency;
			target = 2D5A2FB121F6EDCE003AB537 /* ImageCollector */;
			targetProxy = 8AC239C12229B96400C2C771 /* PBXContainerItemProxy */;
		};
/* End PBXTargetDependency section */

/* Begin PBXVariantGroup section */
		2D5A2FBB21F6EDCF003AB537 /* Main.storyboard */ = {
			isa = PBXVariantGroup;
			children = (
				2D5A2FBC21F6EDCF003AB537 /* Base */,
			);
			name = Main.storyboard;
			sourceTree = "<group>";
		};
/* End PBXVariantGroup section */

/* Begin XCBuildConfiguration section */
		2D5A2FC021F6EDCF003AB537 /* Debug */ = {
			isa = XCBuildConfiguration;
			buildSettings = {
				ALWAYS_SEARCH_USER_PATHS = NO;
				CLANG_ANALYZER_NONNULL = YES;
				CLANG_ANALYZER_NUMBER_OBJECT_CONVERSION = YES_AGGRESSIVE;
				CLANG_CXX_LANGUAGE_STANDARD = "gnu++14";
				CLANG_CXX_LIBRARY = "libc++";
				CLANG_ENABLE_MODULES = YES;
				CLANG_ENABLE_OBJC_ARC = YES;
				CLANG_ENABLE_OBJC_WEAK = YES;
				CLANG_WARN_BLOCK_CAPTURE_AUTORELEASING = YES;
				CLANG_WARN_BOOL_CONVERSION = YES;
				CLANG_WARN_COMMA = YES;
				CLANG_WARN_CONSTANT_CONVERSION = YES;
				CLANG_WARN_DEPRECATED_OBJC_IMPLEMENTATIONS = YES;
				CLANG_WARN_DIRECT_OBJC_ISA_USAGE = YES_ERROR;
				CLANG_WARN_DOCUMENTATION_COMMENTS = YES;
				CLANG_WARN_EMPTY_BODY = YES;
				CLANG_WARN_ENUM_CONVERSION = YES;
				CLANG_WARN_INFINITE_RECURSION = YES;
				CLANG_WARN_INT_CONVERSION = YES;
				CLANG_WARN_NON_LITERAL_NULL_CONVERSION = YES;
				CLANG_WARN_OBJC_IMPLICIT_RETAIN_SELF = YES;
				CLANG_WARN_OBJC_LITERAL_CONVERSION = YES;
				CLANG_WARN_OBJC_ROOT_CLASS = YES_ERROR;
				CLANG_WARN_RANGE_LOOP_ANALYSIS = YES;
				CLANG_WARN_STRICT_PROTOTYPES = YES;
				CLANG_WARN_SUSPICIOUS_MOVE = YES;
				CLANG_WARN_UNGUARDED_AVAILABILITY = YES_AGGRESSIVE;
				CLANG_WARN_UNREACHABLE_CODE = YES;
				CLANG_WARN__DUPLICATE_METHOD_MATCH = YES;
				CODE_SIGN_IDENTITY = "Mac Developer";
				COPY_PHASE_STRIP = NO;
				DEBUG_INFORMATION_FORMAT = dwarf;
				ENABLE_STRICT_OBJC_MSGSEND = YES;
				ENABLE_TESTABILITY = YES;
				GCC_C_LANGUAGE_STANDARD = gnu11;
				GCC_DYNAMIC_NO_PIC = NO;
				GCC_NO_COMMON_BLOCKS = YES;
				GCC_OPTIMIZATION_LEVEL = 0;
				GCC_PREPROCESSOR_DEFINITIONS = (
					"DEBUG=1",
					"$(inherited)",
				);
				GCC_WARN_64_TO_32_BIT_CONVERSION = YES;
				GCC_WARN_ABOUT_RETURN_TYPE = YES_ERROR;
				GCC_WARN_UNDECLARED_SELECTOR = YES;
				GCC_WARN_UNINITIALIZED_AUTOS = YES_AGGRESSIVE;
				GCC_WARN_UNUSED_FUNCTION = YES;
				GCC_WARN_UNUSED_VARIABLE = YES;
				MACOSX_DEPLOYMENT_TARGET = 10.14;
				MTL_ENABLE_DEBUG_INFO = INCLUDE_SOURCE;
				MTL_FAST_MATH = YES;
				ONLY_ACTIVE_ARCH = YES;
				SDKROOT = macosx;
				SWIFT_ACTIVE_COMPILATION_CONDITIONS = DEBUG;
				SWIFT_OPTIMIZATION_LEVEL = "-Onone";
			};
			name = Debug;
		};
		2D5A2FC121F6EDCF003AB537 /* Release */ = {
			isa = XCBuildConfiguration;
			buildSettings = {
				ALWAYS_SEARCH_USER_PATHS = NO;
				CLANG_ANALYZER_NONNULL = YES;
				CLANG_ANALYZER_NUMBER_OBJECT_CONVERSION = YES_AGGRESSIVE;
				CLANG_CXX_LANGUAGE_STANDARD = "gnu++14";
				CLANG_CXX_LIBRARY = "libc++";
				CLANG_ENABLE_MODULES = YES;
				CLANG_ENABLE_OBJC_ARC = YES;
				CLANG_ENABLE_OBJC_WEAK = YES;
				CLANG_WARN_BLOCK_CAPTURE_AUTORELEASING = YES;
				CLANG_WARN_BOOL_CONVERSION = YES;
				CLANG_WARN_COMMA = YES;
				CLANG_WARN_CONSTANT_CONVERSION = YES;
				CLANG_WARN_DEPRECATED_OBJC_IMPLEMENTATIONS = YES;
				CLANG_WARN_DIRECT_OBJC_ISA_USAGE = YES_ERROR;
				CLANG_WARN_DOCUMENTATION_COMMENTS = YES;
				CLANG_WARN_EMPTY_BODY = YES;
				CLANG_WARN_ENUM_CONVERSION = YES;
				CLANG_WARN_INFINITE_RECURSION = YES;
				CLANG_WARN_INT_CONVERSION = YES;
				CLANG_WARN_NON_LITERAL_NULL_CONVERSION = YES;
				CLANG_WARN_OBJC_IMPLICIT_RETAIN_SELF = YES;
				CLANG_WARN_OBJC_LITERAL_CONVERSION = YES;
				CLANG_WARN_OBJC_ROOT_CLASS = YES_ERROR;
				CLANG_WARN_RANGE_LOOP_ANALYSIS = YES;
				CLANG_WARN_STRICT_PROTOTYPES = YES;
				CLANG_WARN_SUSPICIOUS_MOVE = YES;
				CLANG_WARN_UNGUARDED_AVAILABILITY = YES_AGGRESSIVE;
				CLANG_WARN_UNREACHABLE_CODE = YES;
				CLANG_WARN__DUPLICATE_METHOD_MATCH = YES;
				CODE_SIGN_IDENTITY = "Mac Developer";
				COPY_PHASE_STRIP = NO;
				DEBUG_INFORMATION_FORMAT = "dwarf-with-dsym";
				ENABLE_NS_ASSERTIONS = NO;
				ENABLE_STRICT_OBJC_MSGSEND = YES;
				GCC_C_LANGUAGE_STANDARD = gnu11;
				GCC_NO_COMMON_BLOCKS = YES;
				GCC_WARN_64_TO_32_BIT_CONVERSION = YES;
				GCC_WARN_ABOUT_RETURN_TYPE = YES_ERROR;
				GCC_WARN_UNDECLARED_SELECTOR = YES;
				GCC_WARN_UNINITIALIZED_AUTOS = YES_AGGRESSIVE;
				GCC_WARN_UNUSED_FUNCTION = YES;
				GCC_WARN_UNUSED_VARIABLE = YES;
				MACOSX_DEPLOYMENT_TARGET = 10.14;
				MTL_ENABLE_DEBUG_INFO = NO;
				MTL_FAST_MATH = YES;
				SDKROOT = macosx;
				SWIFT_COMPILATION_MODE = wholemodule;
				SWIFT_OPTIMIZATION_LEVEL = "-O";
			};
			name = Release;
		};
		2D5A2FC321F6EDCF003AB537 /* Debug */ = {
			isa = XCBuildConfiguration;
			baseConfigurationReference = 60723DC552004CDCC8CD8204 /* Pods-ImageCollector.debug.xcconfig */;
			buildSettings = {
				ASSETCATALOG_COMPILER_APPICON_NAME = AppIcon;
				CODE_SIGN_IDENTITY = "Mac Developer";
				CODE_SIGN_STYLE = Automatic;
				COMBINE_HIDPI_IMAGES = YES;
				DEVELOPMENT_TEAM = Y7UKMY525K;
				INFOPLIST_FILE = ImageCollector/Info.plist;
				LD_RUNPATH_SEARCH_PATHS = (
					"$(inherited)",
					"@executable_path/../Frameworks",
				);
				PRODUCT_BUNDLE_IDENTIFIER = com.tl.dev.ImageCollector;
				PRODUCT_NAME = "$(TARGET_NAME)";
				PROVISIONING_PROFILE_SPECIFIER = "";
				SWIFT_VERSION = 4.2;
			};
			name = Debug;
		};
		2D5A2FC421F6EDCF003AB537 /* Release */ = {
			isa = XCBuildConfiguration;
			baseConfigurationReference = 8DDF24033D43746FE774DA05 /* Pods-ImageCollector.release.xcconfig */;
			buildSettings = {
				ASSETCATALOG_COMPILER_APPICON_NAME = AppIcon;
				CODE_SIGN_IDENTITY = "Mac Developer";
				CODE_SIGN_STYLE = Automatic;
				COMBINE_HIDPI_IMAGES = YES;
				DEVELOPMENT_TEAM = Y7UKMY525K;
				INFOPLIST_FILE = ImageCollector/Info.plist;
				LD_RUNPATH_SEARCH_PATHS = (
					"$(inherited)",
					"@executable_path/../Frameworks",
				);
				PRODUCT_BUNDLE_IDENTIFIER = com.tl.dev.ImageCollector;
				PRODUCT_NAME = "$(TARGET_NAME)";
				PROVISIONING_PROFILE_SPECIFIER = "";
				SWIFT_VERSION = 4.2;
			};
			name = Release;
		};
		8AC239B62229B95700C2C771 /* Debug */ = {
			isa = XCBuildConfiguration;
			buildSettings = {
				BUNDLE_LOADER = "$(TEST_HOST)";
				CODE_SIGN_STYLE = Automatic;
				COMBINE_HIDPI_IMAGES = YES;
				DEVELOPMENT_TEAM = E833V996FU;
				INFOPLIST_FILE = HTMLParserTest/Info.plist;
				LD_RUNPATH_SEARCH_PATHS = (
					"$(inherited)",
					"@executable_path/../Frameworks",
					"@loader_path/../Frameworks",
				);
				PRODUCT_BUNDLE_IDENTIFIER = Saera.HTMLParserTest;
				PRODUCT_NAME = "$(TARGET_NAME)";
				SWIFT_VERSION = 4.2;
				TEST_HOST = "$(BUILT_PRODUCTS_DIR)/ImageCollector.app/Contents/MacOS/ImageCollector";
			};
			name = Debug;
		};
		8AC239B72229B95700C2C771 /* Release */ = {
			isa = XCBuildConfiguration;
			buildSettings = {
				BUNDLE_LOADER = "$(TEST_HOST)";
				CODE_SIGN_STYLE = Automatic;
				COMBINE_HIDPI_IMAGES = YES;
				DEVELOPMENT_TEAM = E833V996FU;
				INFOPLIST_FILE = HTMLParserTest/Info.plist;
				LD_RUNPATH_SEARCH_PATHS = (
					"$(inherited)",
					"@executable_path/../Frameworks",
					"@loader_path/../Frameworks",
				);
				PRODUCT_BUNDLE_IDENTIFIER = Saera.HTMLParserTest;
				PRODUCT_NAME = "$(TARGET_NAME)";
				SWIFT_VERSION = 4.2;
				TEST_HOST = "$(BUILT_PRODUCTS_DIR)/ImageCollector.app/Contents/MacOS/ImageCollector";
			};
			name = Release;
		};
		8AC239C42229B96400C2C771 /* Debug */ = {
			isa = XCBuildConfiguration;
			buildSettings = {
				BUNDLE_LOADER = "$(TEST_HOST)";
				CODE_SIGN_STYLE = Automatic;
				COMBINE_HIDPI_IMAGES = YES;
				DEVELOPMENT_TEAM = E833V996FU;
				INFOPLIST_FILE = ImageCollectorTests/Info.plist;
				LD_RUNPATH_SEARCH_PATHS = (
					"$(inherited)",
					"@executable_path/../Frameworks",
					"@loader_path/../Frameworks",
				);
				PRODUCT_BUNDLE_IDENTIFIER = Saera.ImageCollectorTests;
				PRODUCT_NAME = "$(TARGET_NAME)";
				SWIFT_VERSION = 4.2;
				TEST_HOST = "$(BUILT_PRODUCTS_DIR)/ImageCollector.app/Contents/MacOS/ImageCollector";
			};
			name = Debug;
		};
		8AC239C52229B96400C2C771 /* Release */ = {
			isa = XCBuildConfiguration;
			buildSettings = {
				BUNDLE_LOADER = "$(TEST_HOST)";
				CODE_SIGN_STYLE = Automatic;
				COMBINE_HIDPI_IMAGES = YES;
				DEVELOPMENT_TEAM = E833V996FU;
				INFOPLIST_FILE = ImageCollectorTests/Info.plist;
				LD_RUNPATH_SEARCH_PATHS = (
					"$(inherited)",
					"@executable_path/../Frameworks",
					"@loader_path/../Frameworks",
				);
				PRODUCT_BUNDLE_IDENTIFIER = Saera.ImageCollectorTests;
				PRODUCT_NAME = "$(TARGET_NAME)";
				SWIFT_VERSION = 4.2;
				TEST_HOST = "$(BUILT_PRODUCTS_DIR)/ImageCollector.app/Contents/MacOS/ImageCollector";
			};
			name = Release;
		};
/* End XCBuildConfiguration section */

/* Begin XCConfigurationList section */
		2D5A2FAD21F6EDCE003AB537 /* Build configuration list for PBXProject "ImageCollector" */ = {
			isa = XCConfigurationList;
			buildConfigurations = (
				2D5A2FC021F6EDCF003AB537 /* Debug */,
				2D5A2FC121F6EDCF003AB537 /* Release */,
			);
			defaultConfigurationIsVisible = 0;
			defaultConfigurationName = Release;
		};
		2D5A2FC221F6EDCF003AB537 /* Build configuration list for PBXNativeTarget "ImageCollector" */ = {
			isa = XCConfigurationList;
			buildConfigurations = (
				2D5A2FC321F6EDCF003AB537 /* Debug */,
				2D5A2FC421F6EDCF003AB537 /* Release */,
			);
			defaultConfigurationIsVisible = 0;
			defaultConfigurationName = Release;
		};
		8AC239B52229B95700C2C771 /* Build configuration list for PBXNativeTarget "HTMLParserTest" */ = {
			isa = XCConfigurationList;
			buildConfigurations = (
				8AC239B62229B95700C2C771 /* Debug */,
				8AC239B72229B95700C2C771 /* Release */,
			);
			defaultConfigurationIsVisible = 0;
			defaultConfigurationName = Release;
		};
		8AC239C32229B96400C2C771 /* Build configuration list for PBXNativeTarget "ImageCollectorTests" */ = {
			isa = XCConfigurationList;
			buildConfigurations = (
				8AC239C42229B96400C2C771 /* Debug */,
				8AC239C52229B96400C2C771 /* Release */,
			);
			defaultConfigurationIsVisible = 0;
			defaultConfigurationName = Release;
		};
/* End XCConfigurationList section */
	};
	rootObject = 2D5A2FAA21F6EDCE003AB537 /* Project object */;
}
